{
    "hash": "2afaf3e5b99fae36f14b751b0f0712ac",
    "packages": [
        {
            "package": "doctrine/common",
            "version": "2.3.x-dev",
            "source-reference": "24c761bf0f8337064b961a8fad85631a561d26c7",
            "commit-date": "1347882477"
        },
        {
            "package": "doctrine/dbal",
            "version": "2.3.x-dev",
            "source-reference": "c4fe3499781944f7f2b056fd164cfedc67cc0130",
            "commit-date": "1347882607"
        },
        {
            "package": "doctrine/doctrine-bundle",
            "version": "dev-master",
            "alias-pretty-version": "1.0.x-dev",
            "alias-version": "1.0.9999999.9999999-dev"
        },
        {
            "package": "doctrine/doctrine-bundle",
            "version": "dev-master",
            "source-reference": "d3c930599723c8343472a5791b0f5909a4111a73",
            "commit-date": "1347289964"
        },
        {
            "package": "doctrine/orm",
            "version": "2.3.x-dev",
            "source-reference": "c6101317cd71cbf320e96f4ce461f8a5a54bf56d",
            "commit-date": "1347883749"
        },
        {
            "package": "friendsofsymfony/user-bundle",
            "version": "dev-master",
            "alias-pretty-version": "2.0.x-dev",
            "alias-version": "2.0.9999999.9999999-dev"
        },
        {
            "package": "friendsofsymfony/user-bundle",
            "version": "dev-master",
            "source-reference": "34f1919ceab96339a8dc6ad7c2b00274a6f499f1",
            "commit-date": "1347897534"
        },
        {
            "package": "jms/aop-bundle",
            "version": "1.0.0"
        },
        {
            "package": "jms/cg",
            "version": "1.0.0"
        },
        {
            "package": "jms/di-extra-bundle",
            "version": "1.1.x-dev",
            "source-reference": "b94feeee8f57060598fdc7a3ef2527182b3946b5",
            "commit-date": "1347872946"
        },
        {
            "package": "jms/metadata",
            "version": "1.1.1"
        },
        {
            "package": "jms/security-extra-bundle",
            "version": "1.2.x-dev",
            "source-reference": "9ab6aceda50fc7a2b07d741ba4b3f0695508afcb",
            "commit-date": "1346947943"
        },
        {
            "package": "kriswallsmith/assetic",
            "version": "dev-master",
            "alias-pretty-version": "1.1.x-dev",
            "alias-version": "1.1.9999999.9999999-dev"
        },
        {
            "package": "kriswallsmith/assetic",
            "version": "dev-master",
            "source-reference": "a6baab9b4c4361aca51bf90ee47c1586dff3cb0c",
            "commit-date": "1347622188"
        },
        {
            "package": "monolog/monolog",
            "version": "dev-master",
            "alias-pretty-version": "1.3.x-dev",
            "alias-version": "1.3.9999999.9999999-dev"
        },
        {
            "package": "monolog/monolog",
            "version": "dev-master",
            "source-reference": "0f3dc95c4a0ed7d17bec237d07af3da6c0c1071a",
            "commit-date": "1347363321"
        },
        {
            "package": "sensio/distribution-bundle",
            "version": "2.1.x-dev",
            "source-reference": "2eee3cb4cd761c851f0d766649fb9ff6f4c97002",
            "commit-date": "1347340208"
        },
        {
            "package": "sensio/framework-extra-bundle",
            "version": "2.1.x-dev",
            "source-reference": "6d393099b17f301cc09a1d586292ed0b84763011",
            "commit-date": "1347780475"
        },
        {
            "package": "sensio/generator-bundle",
            "version": "dev-master",
            "alias-pretty-version": "2.1.x-dev",
            "alias-version": "2.1.9999999.9999999-dev"
        },
        {
            "package": "sensio/generator-bundle",
            "version": "dev-master",
            "source-reference": "v2.1.0",
            "commit-date": "1346138171"
        },
        {
            "package": "snc/redis-bundle",
            "version": "dev-master",
            "alias-pretty-version": "2.1.x-dev",
            "alias-version": "2.1.9999999.9999999-dev"
        },
        {
            "package": "snc/redis-bundle",
            "version": "dev-master",
            "source-reference": "c5126259fd79680df8a11ca4bfb9aff5473ecbf2",
            "commit-date": "1345897840"
        },
        {
            "package": "stephpy/TimelineBundle",
            "version": "dev-master",
            "source-reference": "d47b48494818a0c5870bba789ad4476571d3afd3",
            "commit-date": "1347025649"
        },
        {
            "package": "swiftmailer/swiftmailer",
            "version": "dev-master",
            "alias-pretty-version": "4.2.x-dev",
            "alias-version": "4.2.9999999.9999999-dev"
        },
        {
            "package": "swiftmailer/swiftmailer",
            "version": "dev-master",
            "source-reference": "1e5482485f30a2431f9b8eb19a091eef4b57008c",
            "commit-date": "1347542176"
        },
        {
            "package": "symfony/assetic-bundle",
            "version": "dev-master",
            "alias-pretty-version": "2.1.x-dev",
            "alias-version": "2.1.9999999.9999999-dev"
        },
        {
            "package": "symfony/assetic-bundle",
            "version": "dev-master",
            "source-reference": "64345e86761444c35679e1aed424e1ed2370f0de",
            "commit-date": "1347626244"
        },
        {
            "package": "symfony/monolog-bundle",
            "version": "dev-master",
            "alias-pretty-version": "2.1.x-dev",
            "alias-version": "2.1.9999999.9999999-dev"
        },
        {
            "package": "symfony/monolog-bundle",
            "version": "dev-master",
            "source-reference": "b7318480e6f8bf5579d6b3cd856850302e7ba8d8",
            "commit-date": "1347283885"
        },
        {
            "package": "symfony/swiftmailer-bundle",
            "version": "dev-master",
            "alias-pretty-version": "2.1.x-dev",
            "alias-version": "2.1.9999999.9999999-dev"
        },
        {
            "package": "symfony/swiftmailer-bundle",
            "version": "dev-master",
            "source-reference": "d2eae9385c029cbac031a90e6d2abc74b889a562",
            "commit-date": "1346243146"
        },
        {
            "package": "symfony/symfony",
            "version": "2.1.x-dev",
            "source-reference": "ff1b990075be41c0b85702f2c9bde988d30f4d6b",
            "commit-date": "1347914517"
        },
        {
            "package": "twig/extensions",
            "version": "dev-master",
            "alias-pretty-version": "1.0.x-dev",
            "alias-version": "1.0.9999999.9999999-dev"
        },
        {
            "package": "twig/extensions",
            "version": "dev-master",
            "source-reference": "f904575642b1213db69b4a98f08397e722ba1cae",
            "commit-date": "1346770278"
        },
        {
            "package": "twig/twig",
            "version": "dev-master",
            "alias-pretty-version": "1.10.x-dev",
            "alias-version": "1.10.9999999.9999999-dev"
        },
        {
            "package": "twig/twig",
            "version": "dev-master",
            "source-reference": "e3e8b422c195f01b1a364126eff98adacfb9ff79",
            "commit-date": "1347944686"
        }
    ],
    "packages-dev": null,
    "aliases": [

    ],
    "minimum-stability": "dev",
    "stability-flags": {
        "doctrine/doctrine-bundle": 20,
        "twig/extensions": 20,
        "stephpy/timelinebundle": 20
    }
}
